
Microsoft Visual Studio Solution File, Format Version 12.00
# Visual Studio Version 17
VisualStudioVersion = 17.11.35222.181
MinimumVisualStudioVersion = 10.0.40219.1
Project("{9A19103F-16F7-4668-BE54-9A1E7A4F7556}") = "JumboJuice", "JumboJuice\JumboJuice.csproj", "{339889A1-CC11-47AC-A1F2-13DE96BB8227}"
EndProject
Global
	GlobalSection(SolutionConfigurationPlatforms) = preSolution
		Debug|Any CPU = Debug|Any CPU
		Release|Any CPU = Release|Any CPU
	EndGlobalSection
	GlobalSection(ProjectConfigurationPlatforms) = postSolution
		{339889A1-CC11-47AC-A1F2-13DE96BB8227}.Debug|Any CPU.ActiveCfg = Debug|Any CPU
		{339889A1-CC11-47AC-A1F2-13DE96BB8227}.Debug|Any CPU.Build.0 = Debug|Any CPU
		{339889A1-CC11-47AC-A1F2-13DE96BB8227}.Release|Any CPU.ActiveCfg = Release|Any CPU
		{339889A1-CC11-47AC-A1F2-13DE96BB8227}.Release|Any CPU.Build.0 = Release|Any CPU
	EndGlobalSection
	GlobalSection(SolutionProperties) = preSolution
		HideSolutionNode = FALSE
	EndGlobalSection
	GlobalSection(ExtensibilityGlobals) = postSolution
		SolutionGuid = {5F7DA0D7-2748-4BFC-BD3F-574DCDA20B04}
	EndGlobalSection
EndGlobal
